dependencies:
- name: common
  repository: https://charts.bitnami.com/bitnami
  version: 1.8.0
- name: redis
  repository: https://charts.bitnami.com/bitnami
  version: 16.4.0
digest: sha256:b8991cf55a6579949e6238cc09748ed0980f4fbbc5d6c0649ed8abbd07dce744
generated: "2022-02-14T21:58:31.932637+01:00"
